
Microsoft Visual Studio Solution File, Format Version 12.00
# Visual Studio Version 17
VisualStudioVersion = 17.10.35013.160
MinimumVisualStudioVersion = 10.0.40219.1
Project("{9A19103F-16F7-4668-BE54-9A1E7A4F7556}") = "Core.Persistence", "Core.Persistence\Core.Persistence.csproj", "{8A96FF19-CCD0-446A-BFB8-E633CC079071}"
EndProject
Project("{9A19103F-16F7-4668-BE54-9A1E7A4F7556}") = "Core.Application", "Core.Application\Core.Application.csproj", "{1B106FFA-40F1-49C5-9384-C8D752C3982B}"
EndProject
Project("{9A19103F-16F7-4668-BE54-9A1E7A4F7556}") = "Core.CrossCuttingConcerns", "Core.CrossCuttingConcerns\Core.CrossCuttingConcerns.csproj", "{95C6E7A2-BE3C-4970-91B6-90DA78497968}"
EndProject
Project("{FAE04EC0-301F-11D3-BF4B-00C04F79EFBC}") = "Core.Security", "Core.Security\Core.Security.csproj", "{6FF61FA1-40B7-4915-8B17-5A7EB9D32791}"
EndProject
Global
	GlobalSection(SolutionConfigurationPlatforms) = preSolution
		Debug|Any CPU = Debug|Any CPU
		Release|Any CPU = Release|Any CPU
	EndGlobalSection
	GlobalSection(ProjectConfigurationPlatforms) = postSolution
		{8A96FF19-CCD0-446A-BFB8-E633CC079071}.Debug|Any CPU.ActiveCfg = Debug|Any CPU
		{8A96FF19-CCD0-446A-BFB8-E633CC079071}.Debug|Any CPU.Build.0 = Debug|Any CPU
		{8A96FF19-CCD0-446A-BFB8-E633CC079071}.Release|Any CPU.ActiveCfg = Release|Any CPU
		{8A96FF19-CCD0-446A-BFB8-E633CC079071}.Release|Any CPU.Build.0 = Release|Any CPU
		{1B106FFA-40F1-49C5-9384-C8D752C3982B}.Debug|Any CPU.ActiveCfg = Debug|Any CPU
		{1B106FFA-40F1-49C5-9384-C8D752C3982B}.Debug|Any CPU.Build.0 = Debug|Any CPU
		{1B106FFA-40F1-49C5-9384-C8D752C3982B}.Release|Any CPU.ActiveCfg = Release|Any CPU
		{1B106FFA-40F1-49C5-9384-C8D752C3982B}.Release|Any CPU.Build.0 = Release|Any CPU
		{95C6E7A2-BE3C-4970-91B6-90DA78497968}.Debug|Any CPU.ActiveCfg = Debug|Any CPU
		{95C6E7A2-BE3C-4970-91B6-90DA78497968}.Debug|Any CPU.Build.0 = Debug|Any CPU
		{95C6E7A2-BE3C-4970-91B6-90DA78497968}.Release|Any CPU.ActiveCfg = Release|Any CPU
		{95C6E7A2-BE3C-4970-91B6-90DA78497968}.Release|Any CPU.Build.0 = Release|Any CPU
		{6FF61FA1-40B7-4915-8B17-5A7EB9D32791}.Debug|Any CPU.ActiveCfg = Debug|Any CPU
		{6FF61FA1-40B7-4915-8B17-5A7EB9D32791}.Debug|Any CPU.Build.0 = Debug|Any CPU
		{6FF61FA1-40B7-4915-8B17-5A7EB9D32791}.Release|Any CPU.ActiveCfg = Release|Any CPU
		{6FF61FA1-40B7-4915-8B17-5A7EB9D32791}.Release|Any CPU.Build.0 = Release|Any CPU
	EndGlobalSection
	GlobalSection(SolutionProperties) = preSolution
		HideSolutionNode = FALSE
	EndGlobalSection
	GlobalSection(ExtensibilityGlobals) = postSolution
		SolutionGuid = {DEFB6160-1C14-4CA4-A9AC-D28FD5964B6E}
	EndGlobalSection
EndGlobal
